
Microsoft Visual Studio Solution File, Format Version 12.00
# Visual Studio Version 16
VisualStudioVersion = 25.0.1705.4
MinimumVisualStudioVersion = 10.0.40219.1
Project("{FAE04EC0-301F-11D3-BF4B-00C04F79EFBC}") = "MultiConPublisher", "MultiConPublisher\MultiConPublisher.csproj", "{239070C0-D778-4D2C-9F83-FE7C54FF046A}"
EndProject
Project("{FAE04EC0-301F-11D3-BF4B-00C04F79EFBC}") = "MultiConBroker", "MultiConBroker\MultiConBroker.csproj", "{FBEB685C-E4C8-4A84-B4C9-654DE98DEA39}"
EndProject
Project("{FAE04EC0-301F-11D3-BF4B-00C04F79EFBC}") = "MultiConSubscriber", "MultiConSubscriber\MultiConSubscriber.csproj", "{0DC3C087-0F89-4BCE-827A-C530288CADF4}"
EndProject
Project("{FAE04EC0-301F-11D3-BF4B-00C04F79EFBC}") = "Common.Data", "Common.Data\Common.Data.csproj", "{375ABA82-5D7F-4C72-A03A-5609D3CB474D}"
EndProject
Global
	GlobalSection(SolutionConfigurationPlatforms) = preSolution
		Debug|Any CPU = Debug|Any CPU
		Release|Any CPU = Release|Any CPU
	EndGlobalSection
	GlobalSection(ProjectConfigurationPlatforms) = postSolution
		{239070C0-D778-4D2C-9F83-FE7C54FF046A}.Debug|Any CPU.ActiveCfg = Debug|Any CPU
		{239070C0-D778-4D2C-9F83-FE7C54FF046A}.Debug|Any CPU.Build.0 = Debug|Any CPU
		{239070C0-D778-4D2C-9F83-FE7C54FF046A}.Release|Any CPU.ActiveCfg = Release|Any CPU
		{239070C0-D778-4D2C-9F83-FE7C54FF046A}.Release|Any CPU.Build.0 = Release|Any CPU
		{FBEB685C-E4C8-4A84-B4C9-654DE98DEA39}.Debug|Any CPU.ActiveCfg = Debug|Any CPU
		{FBEB685C-E4C8-4A84-B4C9-654DE98DEA39}.Debug|Any CPU.Build.0 = Debug|Any CPU
		{FBEB685C-E4C8-4A84-B4C9-654DE98DEA39}.Release|Any CPU.ActiveCfg = Release|Any CPU
		{FBEB685C-E4C8-4A84-B4C9-654DE98DEA39}.Release|Any CPU.Build.0 = Release|Any CPU
		{0DC3C087-0F89-4BCE-827A-C530288CADF4}.Debug|Any CPU.ActiveCfg = Debug|Any CPU
		{0DC3C087-0F89-4BCE-827A-C530288CADF4}.Debug|Any CPU.Build.0 = Debug|Any CPU
		{0DC3C087-0F89-4BCE-827A-C530288CADF4}.Release|Any CPU.ActiveCfg = Release|Any CPU
		{0DC3C087-0F89-4BCE-827A-C530288CADF4}.Release|Any CPU.Build.0 = Release|Any CPU
		{375ABA82-5D7F-4C72-A03A-5609D3CB474D}.Debug|Any CPU.ActiveCfg = Debug|Any CPU
		{375ABA82-5D7F-4C72-A03A-5609D3CB474D}.Debug|Any CPU.Build.0 = Debug|Any CPU
		{375ABA82-5D7F-4C72-A03A-5609D3CB474D}.Release|Any CPU.ActiveCfg = Release|Any CPU
		{375ABA82-5D7F-4C72-A03A-5609D3CB474D}.Release|Any CPU.Build.0 = Release|Any CPU
	EndGlobalSection
	GlobalSection(SolutionProperties) = preSolution
		HideSolutionNode = FALSE
	EndGlobalSection
	GlobalSection(ExtensibilityGlobals) = postSolution
		SolutionGuid = {37884681-40B4-4FC5-BF58-1C5B076BCD59}
	EndGlobalSection
EndGlobal
