
Microsoft Visual Studio Solution File, Format Version 12.00
# Visual Studio Version 17
VisualStudioVersion = 17.4.33122.133
MinimumVisualStudioVersion = 10.0.40219.1
Project("{2150E333-8FDC-42A3-9474-1A3956D46DE8}") = "SingletonPattern", "SingletonPattern", "{B4DEF7C4-C808-4B28-8BC7-0C7B2FE2439B}"
EndProject
Project("{9A19103F-16F7-4668-BE54-9A1E7A4F7556}") = "VPN", "SingletonPattern\OS\VPN.csproj", "{56650ADE-E2E7-416C-B601-A6B71730EC55}"
EndProject
Project("{2150E333-8FDC-42A3-9474-1A3956D46DE8}") = "BuilderPattern", "BuilderPattern", "{A6E17E00-0B45-4C2B-8A8A-46489C8DEA76}"
EndProject
Project("{9A19103F-16F7-4668-BE54-9A1E7A4F7556}") = "GildedRose", "BuilderPattern\GildedRose\GildedRose.csproj", "{E2F06EB9-8582-4BF1-A7F8-85644B1A324A}"
EndProject
Project("{9A19103F-16F7-4668-BE54-9A1E7A4F7556}") = "GildedRoseTests", "BuilderPattern\GildedRoseTests\GildedRoseTests.csproj", "{74636D96-4405-4772-966B-CA7C0F86F60D}"
EndProject
Project("{2150E333-8FDC-42A3-9474-1A3956D46DE8}") = "PrototypePattern", "PrototypePattern", "{D22BE4BE-8AF8-42F3-B780-AD0DF5B10047}"
EndProject
Project("{2150E333-8FDC-42A3-9474-1A3956D46DE8}") = "FactoryMethod", "FactoryMethod", "{C194A593-1C11-419D-9FD2-B23DC33442C0}"
EndProject
Project("{9A19103F-16F7-4668-BE54-9A1E7A4F7556}") = "Banks", "Banks\Banks.csproj", "{2EB4B419-8B35-41A7-A18B-6D913A6B01A5}"
EndProject
Project("{2150E333-8FDC-42A3-9474-1A3956D46DE8}") = "AbstractFactory", "AbstractFactory", "{2B59F23D-BC90-4EFD-94D6-4DD38AB803EC}"
EndProject
Project("{9A19103F-16F7-4668-BE54-9A1E7A4F7556}") = "Protocols", "Protocols\Protocols.csproj", "{943EC6AC-9F2B-4BA8-8193-67CB2558078E}"
EndProject
Project("{9A19103F-16F7-4668-BE54-9A1E7A4F7556}") = "Accounts", "Accounts\Accounts.csproj", "{17124BFF-6903-44C3-84E9-82BCD6592F26}"
EndProject
Project("{FAE04EC0-301F-11D3-BF4B-00C04F79EFBC}") = "Dota", "Dota\Dota.csproj", "{25CB6C4C-E6C5-4C9C-A30E-DC53AC1B138D}"
EndProject
Project("{2150E333-8FDC-42A3-9474-1A3956D46DE8}") = "ObjectPool", "ObjectPool", "{B17D97C7-5C58-41B7-9A01-5764DFF9597B}"
EndProject
Project("{FAE04EC0-301F-11D3-BF4B-00C04F79EFBC}") = "ResourceC", "Resource\ResourceC.csproj", "{9FE90C4F-E2C8-43FE-B2F2-A790A2708AD5}"
EndProject
Global
	GlobalSection(SolutionConfigurationPlatforms) = preSolution
		Debug|Any CPU = Debug|Any CPU
		Release|Any CPU = Release|Any CPU
	EndGlobalSection
	GlobalSection(ProjectConfigurationPlatforms) = postSolution
		{56650ADE-E2E7-416C-B601-A6B71730EC55}.Debug|Any CPU.ActiveCfg = Debug|Any CPU
		{56650ADE-E2E7-416C-B601-A6B71730EC55}.Debug|Any CPU.Build.0 = Debug|Any CPU
		{56650ADE-E2E7-416C-B601-A6B71730EC55}.Release|Any CPU.ActiveCfg = Release|Any CPU
		{56650ADE-E2E7-416C-B601-A6B71730EC55}.Release|Any CPU.Build.0 = Release|Any CPU
		{E2F06EB9-8582-4BF1-A7F8-85644B1A324A}.Debug|Any CPU.ActiveCfg = Debug|Any CPU
		{E2F06EB9-8582-4BF1-A7F8-85644B1A324A}.Debug|Any CPU.Build.0 = Debug|Any CPU
		{E2F06EB9-8582-4BF1-A7F8-85644B1A324A}.Release|Any CPU.ActiveCfg = Release|Any CPU
		{E2F06EB9-8582-4BF1-A7F8-85644B1A324A}.Release|Any CPU.Build.0 = Release|Any CPU
		{74636D96-4405-4772-966B-CA7C0F86F60D}.Debug|Any CPU.ActiveCfg = Debug|Any CPU
		{74636D96-4405-4772-966B-CA7C0F86F60D}.Debug|Any CPU.Build.0 = Debug|Any CPU
		{74636D96-4405-4772-966B-CA7C0F86F60D}.Release|Any CPU.ActiveCfg = Release|Any CPU
		{74636D96-4405-4772-966B-CA7C0F86F60D}.Release|Any CPU.Build.0 = Release|Any CPU
		{2EB4B419-8B35-41A7-A18B-6D913A6B01A5}.Debug|Any CPU.ActiveCfg = Debug|Any CPU
		{2EB4B419-8B35-41A7-A18B-6D913A6B01A5}.Debug|Any CPU.Build.0 = Debug|Any CPU
		{2EB4B419-8B35-41A7-A18B-6D913A6B01A5}.Release|Any CPU.ActiveCfg = Release|Any CPU
		{2EB4B419-8B35-41A7-A18B-6D913A6B01A5}.Release|Any CPU.Build.0 = Release|Any CPU
		{943EC6AC-9F2B-4BA8-8193-67CB2558078E}.Debug|Any CPU.ActiveCfg = Debug|Any CPU
		{943EC6AC-9F2B-4BA8-8193-67CB2558078E}.Debug|Any CPU.Build.0 = Debug|Any CPU
		{943EC6AC-9F2B-4BA8-8193-67CB2558078E}.Release|Any CPU.ActiveCfg = Release|Any CPU
		{943EC6AC-9F2B-4BA8-8193-67CB2558078E}.Release|Any CPU.Build.0 = Release|Any CPU
		{17124BFF-6903-44C3-84E9-82BCD6592F26}.Debug|Any CPU.ActiveCfg = Debug|Any CPU
		{17124BFF-6903-44C3-84E9-82BCD6592F26}.Debug|Any CPU.Build.0 = Debug|Any CPU
		{17124BFF-6903-44C3-84E9-82BCD6592F26}.Release|Any CPU.ActiveCfg = Release|Any CPU
		{17124BFF-6903-44C3-84E9-82BCD6592F26}.Release|Any CPU.Build.0 = Release|Any CPU
		{25CB6C4C-E6C5-4C9C-A30E-DC53AC1B138D}.Debug|Any CPU.ActiveCfg = Debug|Any CPU
		{25CB6C4C-E6C5-4C9C-A30E-DC53AC1B138D}.Debug|Any CPU.Build.0 = Debug|Any CPU
		{25CB6C4C-E6C5-4C9C-A30E-DC53AC1B138D}.Release|Any CPU.ActiveCfg = Release|Any CPU
		{25CB6C4C-E6C5-4C9C-A30E-DC53AC1B138D}.Release|Any CPU.Build.0 = Release|Any CPU
		{9FE90C4F-E2C8-43FE-B2F2-A790A2708AD5}.Debug|Any CPU.ActiveCfg = Debug|Any CPU
		{9FE90C4F-E2C8-43FE-B2F2-A790A2708AD5}.Debug|Any CPU.Build.0 = Debug|Any CPU
		{9FE90C4F-E2C8-43FE-B2F2-A790A2708AD5}.Release|Any CPU.ActiveCfg = Release|Any CPU
		{9FE90C4F-E2C8-43FE-B2F2-A790A2708AD5}.Release|Any CPU.Build.0 = Release|Any CPU
	EndGlobalSection
	GlobalSection(SolutionProperties) = preSolution
		HideSolutionNode = FALSE
	EndGlobalSection
	GlobalSection(NestedProjects) = preSolution
		{56650ADE-E2E7-416C-B601-A6B71730EC55} = {B4DEF7C4-C808-4B28-8BC7-0C7B2FE2439B}
		{E2F06EB9-8582-4BF1-A7F8-85644B1A324A} = {A6E17E00-0B45-4C2B-8A8A-46489C8DEA76}
		{74636D96-4405-4772-966B-CA7C0F86F60D} = {A6E17E00-0B45-4C2B-8A8A-46489C8DEA76}
		{2EB4B419-8B35-41A7-A18B-6D913A6B01A5} = {C194A593-1C11-419D-9FD2-B23DC33442C0}
		{943EC6AC-9F2B-4BA8-8193-67CB2558078E} = {C194A593-1C11-419D-9FD2-B23DC33442C0}
		{17124BFF-6903-44C3-84E9-82BCD6592F26} = {D22BE4BE-8AF8-42F3-B780-AD0DF5B10047}
		{25CB6C4C-E6C5-4C9C-A30E-DC53AC1B138D} = {2B59F23D-BC90-4EFD-94D6-4DD38AB803EC}
		{9FE90C4F-E2C8-43FE-B2F2-A790A2708AD5} = {B17D97C7-5C58-41B7-9A01-5764DFF9597B}
	EndGlobalSection
	GlobalSection(ExtensibilityGlobals) = postSolution
		SolutionGuid = {F6C46940-9FFB-4DD6-AFB7-675A141BF7F2}
	EndGlobalSection
EndGlobal
