
Microsoft Visual Studio Solution File, Format Version 12.00
# Visual Studio Version 17
VisualStudioVersion = 17.7.34202.233
MinimumVisualStudioVersion = 10.0.40219.1
Project("{FAE04EC0-301F-11D3-BF4B-00C04F79EFBC}") = "ConsoleApp1", "ConsoleApp1\ConsoleApp1.csproj", "{DC05DAA7-8FFC-4C30-95D1-6F39704FC4B6}"
EndProject
Global
	GlobalSection(SolutionConfigurationPlatforms) = preSolution
		Debug|Any CPU = Debug|Any CPU
		Release|Any CPU = Release|Any CPU
	EndGlobalSection
	GlobalSection(ProjectConfigurationPlatforms) = postSolution
		{DC05DAA7-8FFC-4C30-95D1-6F39704FC4B6}.Debug|Any CPU.ActiveCfg = Debug|Any CPU
		{DC05DAA7-8FFC-4C30-95D1-6F39704FC4B6}.Debug|Any CPU.Build.0 = Debug|Any CPU
		{DC05DAA7-8FFC-4C30-95D1-6F39704FC4B6}.Release|Any CPU.ActiveCfg = Release|Any CPU
		{DC05DAA7-8FFC-4C30-95D1-6F39704FC4B6}.Release|Any CPU.Build.0 = Release|Any CPU
	EndGlobalSection
	GlobalSection(SolutionProperties) = preSolution
		HideSolutionNode = FALSE
	EndGlobalSection
	GlobalSection(ExtensibilityGlobals) = postSolution
		SolutionGuid = {05ADEE66-C16D-4048-997B-8A87DC65DD1E}
	EndGlobalSection
EndGlobal
