
Microsoft Visual Studio Solution File, Format Version 12.00
# Visual Studio Version 17
VisualStudioVersion = 17.4.33122.133
MinimumVisualStudioVersion = 10.0.40219.1
Project("{2150E333-8FDC-42A3-9474-1A3956D46DE8}") = "A-SRP", "A-SRP", "{F78ECA43-A9EA-4F8A-A29F-D90895E502A8}"
EndProject
Project("{2150E333-8FDC-42A3-9474-1A3956D46DE8}") = "B-OCP", "B-OCP", "{657BEF53-286F-4D40-AD9F-E8128A34A742}"
EndProject
Project("{2150E333-8FDC-42A3-9474-1A3956D46DE8}") = "C-LSP", "C-LSP", "{EC67F812-02FD-4786-ADA8-374CB499EAAE}"
EndProject
Project("{2150E333-8FDC-42A3-9474-1A3956D46DE8}") = "D-ISP", "D-ISP", "{65F6AD46-B15C-4440-8DA7-4AEFEEFA4435}"
EndProject
Project("{2150E333-8FDC-42A3-9474-1A3956D46DE8}") = "E-DIP", "E-DIP", "{7380E8B6-3897-4764-A363-27C3C49C9A08}"
EndProject
Project("{9A19103F-16F7-4668-BE54-9A1E7A4F7556}") = "GoodExample", "GoodExample\GoodExample.csproj", "{F908BF3C-B721-4C33-B9D6-3EDA55B658FC}"
EndProject
Project("{9A19103F-16F7-4668-BE54-9A1E7A4F7556}") = "BadExample", "BadExample\BadExample.csproj", "{99929943-6A08-402B-A870-29697E386710}"
EndProject
Project("{9A19103F-16F7-4668-BE54-9A1E7A4F7556}") = "GoodExample", "B-OCP\GoodExample\GoodExample.csproj", "{55013F8A-977C-4C0C-8BBD-0D65A4080270}"
EndProject
Project("{9A19103F-16F7-4668-BE54-9A1E7A4F7556}") = "BadExample", "B-OCP\BadExample\BadExample.csproj", "{FC2CBA7B-ABD4-4B83-AC5F-9BFAA9377286}"
EndProject
Project("{FAE04EC0-301F-11D3-BF4B-00C04F79EFBC}") = "GoodExample", "D-ISP\GoodExample\GoodExample.csproj", "{924D1FDB-5AF7-4A52-BF48-FE7BA22506B5}"
EndProject
Project("{FAE04EC0-301F-11D3-BF4B-00C04F79EFBC}") = "BadExample", "D-ISP\BadExample\BadExample.csproj", "{B36C6A22-BEDD-4EA7-9584-32C9E57D1044}"
EndProject
Project("{FAE04EC0-301F-11D3-BF4B-00C04F79EFBC}") = "BadExample", "E-DIP\BadExample\BadExample.csproj", "{6F6DADA0-D08A-4056-9910-68126C6C743D}"
EndProject
Project("{FAE04EC0-301F-11D3-BF4B-00C04F79EFBC}") = "GoodExample", "E-DIP\GoodExample\GoodExample.csproj", "{B5DD88A0-1F6D-436B-AE7B-90416BA379EF}"
EndProject
Project("{FAE04EC0-301F-11D3-BF4B-00C04F79EFBC}") = "BadExample", "C-LSP\BadExample\BadExample.csproj", "{A3C69F0F-E26D-4221-9244-C9DCA1A67052}"
EndProject
Project("{FAE04EC0-301F-11D3-BF4B-00C04F79EFBC}") = "GoodExample", "C-LSP\GoodExample\GoodExample.csproj", "{B1B8AD8C-7198-487E-A66F-7B9F775D4ABD}"
EndProject
Global
	GlobalSection(SolutionConfigurationPlatforms) = preSolution
		Debug|Any CPU = Debug|Any CPU
		Release|Any CPU = Release|Any CPU
	EndGlobalSection
	GlobalSection(ProjectConfigurationPlatforms) = postSolution
		{F908BF3C-B721-4C33-B9D6-3EDA55B658FC}.Debug|Any CPU.ActiveCfg = Debug|Any CPU
		{F908BF3C-B721-4C33-B9D6-3EDA55B658FC}.Debug|Any CPU.Build.0 = Debug|Any CPU
		{F908BF3C-B721-4C33-B9D6-3EDA55B658FC}.Release|Any CPU.ActiveCfg = Release|Any CPU
		{F908BF3C-B721-4C33-B9D6-3EDA55B658FC}.Release|Any CPU.Build.0 = Release|Any CPU
		{99929943-6A08-402B-A870-29697E386710}.Debug|Any CPU.ActiveCfg = Debug|Any CPU
		{99929943-6A08-402B-A870-29697E386710}.Debug|Any CPU.Build.0 = Debug|Any CPU
		{99929943-6A08-402B-A870-29697E386710}.Release|Any CPU.ActiveCfg = Release|Any CPU
		{99929943-6A08-402B-A870-29697E386710}.Release|Any CPU.Build.0 = Release|Any CPU
		{55013F8A-977C-4C0C-8BBD-0D65A4080270}.Debug|Any CPU.ActiveCfg = Debug|Any CPU
		{55013F8A-977C-4C0C-8BBD-0D65A4080270}.Debug|Any CPU.Build.0 = Debug|Any CPU
		{55013F8A-977C-4C0C-8BBD-0D65A4080270}.Release|Any CPU.ActiveCfg = Release|Any CPU
		{55013F8A-977C-4C0C-8BBD-0D65A4080270}.Release|Any CPU.Build.0 = Release|Any CPU
		{FC2CBA7B-ABD4-4B83-AC5F-9BFAA9377286}.Debug|Any CPU.ActiveCfg = Debug|Any CPU
		{FC2CBA7B-ABD4-4B83-AC5F-9BFAA9377286}.Debug|Any CPU.Build.0 = Debug|Any CPU
		{FC2CBA7B-ABD4-4B83-AC5F-9BFAA9377286}.Release|Any CPU.ActiveCfg = Release|Any CPU
		{FC2CBA7B-ABD4-4B83-AC5F-9BFAA9377286}.Release|Any CPU.Build.0 = Release|Any CPU
		{924D1FDB-5AF7-4A52-BF48-FE7BA22506B5}.Debug|Any CPU.ActiveCfg = Debug|Any CPU
		{924D1FDB-5AF7-4A52-BF48-FE7BA22506B5}.Debug|Any CPU.Build.0 = Debug|Any CPU
		{924D1FDB-5AF7-4A52-BF48-FE7BA22506B5}.Release|Any CPU.ActiveCfg = Release|Any CPU
		{924D1FDB-5AF7-4A52-BF48-FE7BA22506B5}.Release|Any CPU.Build.0 = Release|Any CPU
		{B36C6A22-BEDD-4EA7-9584-32C9E57D1044}.Debug|Any CPU.ActiveCfg = Debug|Any CPU
		{B36C6A22-BEDD-4EA7-9584-32C9E57D1044}.Debug|Any CPU.Build.0 = Debug|Any CPU
		{B36C6A22-BEDD-4EA7-9584-32C9E57D1044}.Release|Any CPU.ActiveCfg = Release|Any CPU
		{B36C6A22-BEDD-4EA7-9584-32C9E57D1044}.Release|Any CPU.Build.0 = Release|Any CPU
		{6F6DADA0-D08A-4056-9910-68126C6C743D}.Debug|Any CPU.ActiveCfg = Debug|Any CPU
		{6F6DADA0-D08A-4056-9910-68126C6C743D}.Debug|Any CPU.Build.0 = Debug|Any CPU
		{6F6DADA0-D08A-4056-9910-68126C6C743D}.Release|Any CPU.ActiveCfg = Release|Any CPU
		{6F6DADA0-D08A-4056-9910-68126C6C743D}.Release|Any CPU.Build.0 = Release|Any CPU
		{B5DD88A0-1F6D-436B-AE7B-90416BA379EF}.Debug|Any CPU.ActiveCfg = Debug|Any CPU
		{B5DD88A0-1F6D-436B-AE7B-90416BA379EF}.Debug|Any CPU.Build.0 = Debug|Any CPU
		{B5DD88A0-1F6D-436B-AE7B-90416BA379EF}.Release|Any CPU.ActiveCfg = Release|Any CPU
		{B5DD88A0-1F6D-436B-AE7B-90416BA379EF}.Release|Any CPU.Build.0 = Release|Any CPU
		{A3C69F0F-E26D-4221-9244-C9DCA1A67052}.Debug|Any CPU.ActiveCfg = Debug|Any CPU
		{A3C69F0F-E26D-4221-9244-C9DCA1A67052}.Debug|Any CPU.Build.0 = Debug|Any CPU
		{A3C69F0F-E26D-4221-9244-C9DCA1A67052}.Release|Any CPU.ActiveCfg = Release|Any CPU
		{A3C69F0F-E26D-4221-9244-C9DCA1A67052}.Release|Any CPU.Build.0 = Release|Any CPU
		{B1B8AD8C-7198-487E-A66F-7B9F775D4ABD}.Debug|Any CPU.ActiveCfg = Debug|Any CPU
		{B1B8AD8C-7198-487E-A66F-7B9F775D4ABD}.Debug|Any CPU.Build.0 = Debug|Any CPU
		{B1B8AD8C-7198-487E-A66F-7B9F775D4ABD}.Release|Any CPU.ActiveCfg = Release|Any CPU
		{B1B8AD8C-7198-487E-A66F-7B9F775D4ABD}.Release|Any CPU.Build.0 = Release|Any CPU
	EndGlobalSection
	GlobalSection(SolutionProperties) = preSolution
		HideSolutionNode = FALSE
	EndGlobalSection
	GlobalSection(NestedProjects) = preSolution
		{F908BF3C-B721-4C33-B9D6-3EDA55B658FC} = {F78ECA43-A9EA-4F8A-A29F-D90895E502A8}
		{99929943-6A08-402B-A870-29697E386710} = {F78ECA43-A9EA-4F8A-A29F-D90895E502A8}
		{55013F8A-977C-4C0C-8BBD-0D65A4080270} = {657BEF53-286F-4D40-AD9F-E8128A34A742}
		{FC2CBA7B-ABD4-4B83-AC5F-9BFAA9377286} = {657BEF53-286F-4D40-AD9F-E8128A34A742}
		{924D1FDB-5AF7-4A52-BF48-FE7BA22506B5} = {65F6AD46-B15C-4440-8DA7-4AEFEEFA4435}
		{B36C6A22-BEDD-4EA7-9584-32C9E57D1044} = {65F6AD46-B15C-4440-8DA7-4AEFEEFA4435}
		{6F6DADA0-D08A-4056-9910-68126C6C743D} = {7380E8B6-3897-4764-A363-27C3C49C9A08}
		{B5DD88A0-1F6D-436B-AE7B-90416BA379EF} = {7380E8B6-3897-4764-A363-27C3C49C9A08}
		{A3C69F0F-E26D-4221-9244-C9DCA1A67052} = {EC67F812-02FD-4786-ADA8-374CB499EAAE}
		{B1B8AD8C-7198-487E-A66F-7B9F775D4ABD} = {EC67F812-02FD-4786-ADA8-374CB499EAAE}
	EndGlobalSection
	GlobalSection(ExtensibilityGlobals) = postSolution
		SolutionGuid = {CF810A71-443C-4480-AEB2-A25E9C5D9CC1}
	EndGlobalSection
EndGlobal
