
Microsoft Visual Studio Solution File, Format Version 12.00
# Visual Studio Version 16
VisualStudioVersion = 25.0.1705.2
MinimumVisualStudioVersion = 10.0.40219.1
Project("{FAE04EC0-301F-11D3-BF4B-00C04F79EFBC}") = "PR_LL5", "PR_LL5\PR_LL5.csproj", "{FA852A53-B837-4AD9-9FF8-96AB5CED3C41}"
EndProject
Global
	GlobalSection(SolutionConfigurationPlatforms) = preSolution
		Debug|Any CPU = Debug|Any CPU
		Release|Any CPU = Release|Any CPU
	EndGlobalSection
	GlobalSection(ProjectConfigurationPlatforms) = postSolution
		{FA852A53-B837-4AD9-9FF8-96AB5CED3C41}.Debug|Any CPU.ActiveCfg = Debug|Any CPU
		{FA852A53-B837-4AD9-9FF8-96AB5CED3C41}.Debug|Any CPU.Build.0 = Debug|Any CPU
		{FA852A53-B837-4AD9-9FF8-96AB5CED3C41}.Release|Any CPU.ActiveCfg = Release|Any CPU
		{FA852A53-B837-4AD9-9FF8-96AB5CED3C41}.Release|Any CPU.Build.0 = Release|Any CPU
	EndGlobalSection
	GlobalSection(SolutionProperties) = preSolution
		HideSolutionNode = FALSE
	EndGlobalSection
	GlobalSection(ExtensibilityGlobals) = postSolution
		SolutionGuid = {BA79AAF3-6EA1-40CB-B23B-E38AB61B3C3A}
	EndGlobalSection
EndGlobal
